
Microsoft Visual Studio Solution File, Format Version 12.00
# Visual Studio Version 17
VisualStudioVersion = 17.3.32819.101
MinimumVisualStudioVersion = 10.0.40219.1
Project("{9A19103F-16F7-4668-BE54-9A1E7A4F7556}") = ".github", ".github\.github.csproj", "{80D7CE12-D0C9-44E2-9BF9-5762D52ADA05}"
EndProject
Project("{9A19103F-16F7-4668-BE54-9A1E7A4F7556}") = "Elastic.CommonSchema", "src\Elastic.CommonSchema\Elastic.CommonSchema.csproj", "{70072EAB-C5DF-4100-B594-B9DC3169D604}"
EndProject
Project("{9A19103F-16F7-4668-BE54-9A1E7A4F7556}") = "Elastic.CommonSchema.Serilog", "src\Elastic.CommonSchema.Serilog\Elastic.CommonSchema.Serilog.csproj", "{45BC8315-6AD6-4F3C-B590-7B52D19ED401}"
EndProject
Project("{9A19103F-16F7-4668-BE54-9A1E7A4F7556}") = "Elastic.CommonSchema.Serilog.Tests", "tests\Elastic.CommonSchema.Serilog.Tests\Elastic.CommonSchema.Serilog.Tests.csproj", "{D7BA6070-909F-402E-A6F4-1CE54A7BE0B7}"
EndProject
Project("{9A19103F-16F7-4668-BE54-9A1E7A4F7556}") = "Specification", "src\Specification\Specification.csproj", "{21FD7B39-5FDD-4432-B25E-8425D3EC46A3}"
EndProject
Project("{9A19103F-16F7-4668-BE54-9A1E7A4F7556}") = "Elastic.Apm.SerilogEnricher", "src\Elastic.Apm.SerilogEnricher\Elastic.Apm.SerilogEnricher.csproj", "{240A3E16-78BF-4430-A3ED-C7479F12A6DE}"
EndProject
Project("{9A19103F-16F7-4668-BE54-9A1E7A4F7556}") = "Elastic.Apm.SerilogEnricher.Tests", "tests\Elastic.Apm.SerilogEnricher.Tests\Elastic.Apm.SerilogEnricher.Tests.csproj", "{D8117E06-8856-4D61-A02E-570E9B6C3646}"
EndProject
Project("{6EC3EE1D-3C4E-46DD-8F32-0CC8E7565705}") = "scripts", "build\scripts\scripts.fsproj", "{4779DD6F-AE49-4A80-9F67-D9F2DB05E557}"
EndProject
Project("{9A19103F-16F7-4668-BE54-9A1E7A4F7556}") = "Elastic.Apm.NLog", "src\Elastic.Apm.NLog\Elastic.Apm.NLog.csproj", "{A1DEDE4E-0876-41E8-8DF0-8F85EAF3FAFA}"
EndProject
Project("{9A19103F-16F7-4668-BE54-9A1E7A4F7556}") = "Elastic.Apm.NLog.Tests", "tests\Elastic.Apm.NLog.Tests\Elastic.Apm.NLog.Tests.csproj", "{4755093F-5A27-4EF4-BC7F-DB8676E9B81A}"
EndProject
Project("{9A19103F-16F7-4668-BE54-9A1E7A4F7556}") = "Elastic.Apm.Test.Common", "tests\Elastic.Apm.Test.Common\Elastic.Apm.Test.Common.csproj", "{4E0D951B-FEC5-4043-913A-BED795892405}"
EndProject
Project("{2150E333-8FDC-42A3-9474-1A3956D46DE8}") = "src", "src", "{7610B796-BB3E-4CB2-8296-79BBFF6D23FC}"
	ProjectSection(SolutionItems) = preProject
		src\Directory.Build.props = src\Directory.Build.props
	EndProjectSection
EndProject
Project("{2150E333-8FDC-42A3-9474-1A3956D46DE8}") = "tests", "tests", "{3582B07D-C2B0-49CC-B676-EAF806EB010E}"
	ProjectSection(SolutionItems) = preProject
		tests\Directory.Build.props = tests\Directory.Build.props
		tests\.runsettings = tests\.runsettings
	EndProjectSection
EndProject
Project("{2150E333-8FDC-42A3-9474-1A3956D46DE8}") = "build", "build", "{441B3323-3651-4B6E-95B3-7CD43E5E223A}"
	ProjectSection(SolutionItems) = preProject
		build.bat = build.bat
		build.sh = build.sh
		Directory.Build.props = Directory.Build.props
		global.json = global.json
		.ci.runsettings = .ci.runsettings
	EndProjectSection
EndProject
Project("{9A19103F-16F7-4668-BE54-9A1E7A4F7556}") = "Elastic.CommonSchema.Tests", "tests\Elastic.CommonSchema.Tests\Elastic.CommonSchema.Tests.csproj", "{EE4EA2DE-411D-400C-9BF6-8F6AFC17697C}"
EndProject
Project("{9A19103F-16F7-4668-BE54-9A1E7A4F7556}") = "Elastic.CommonSchema.BenchmarkDotNetExporter", "src\Elastic.CommonSchema.BenchmarkDotNetExporter\Elastic.CommonSchema.BenchmarkDotNetExporter.csproj", "{6BE3084A-D84D-4782-9915-6E41575712C7}"
EndProject
Project("{9A19103F-16F7-4668-BE54-9A1E7A4F7556}") = "Elastic.CommonSchema.BenchmarkDotNetExporter.IntegrationTests", "tests-integration\Elastic.CommonSchema.BenchmarkDotNetExporter.IntegrationTests\Elastic.CommonSchema.BenchmarkDotNetExporter.IntegrationTests.csproj", "{4138E98A-4714-4139-BD89-D9FF4F2A3A73}"
EndProject
Project("{9A19103F-16F7-4668-BE54-9A1E7A4F7556}") = "Elastic.CommonSchema.NLog", "src\Elastic.CommonSchema.NLog\Elastic.CommonSchema.NLog.csproj", "{0881CC2E-BFBB-40DB-BA5B-B3D23A985F73}"
EndProject
Project("{9A19103F-16F7-4668-BE54-9A1E7A4F7556}") = "Elastic.CommonSchema.NLog.Tests", "tests\Elastic.CommonSchema.NLog.Tests\Elastic.CommonSchema.NLog.Tests.csproj", "{89ADA999-1A1D-4B51-8CEE-39A553F669D1}"
EndProject
Project("{2150E333-8FDC-42A3-9474-1A3956D46DE8}") = "examples", "examples", "{05075402-8669-45BD-913A-BD40A29BBEAB}"
EndProject
Project("{9A19103F-16F7-4668-BE54-9A1E7A4F7556}") = "AspnetCoreExample", "examples\aspnetcore-with-serilog\AspnetCoreExample.csproj", "{03FD4BFA-F9A5-4C16-ACA1-30FD060DFAEA}"
EndProject
Project("{2150E333-8FDC-42A3-9474-1A3956D46DE8}") = "aspnetcore-with-serilog", "aspnetcore-with-serilog", "{9F103D76-F7FA-4D10-8214-6E79C28D5AEC}"
EndProject
Project("{9A19103F-16F7-4668-BE54-9A1E7A4F7556}") = "Elastic.CommonSchema.Benchmarks", "tools\Elastic.CommonSchema.Benchmarks\Elastic.CommonSchema.Benchmarks.csproj", "{EC19A9E1-79CC-46A8-94D7-EE66ED22D3BD}"
EndProject
Project("{9A19103F-16F7-4668-BE54-9A1E7A4F7556}") = "Elasticsearch.Extensions.Logging", "src\Elasticsearch.Extensions.Logging\Elasticsearch.Extensions.Logging.csproj", "{D88AAA7D-1AEE-4B4C-BE37-69BA85DA07DA}"
EndProject
Project("{9A19103F-16F7-4668-BE54-9A1E7A4F7556}") = "Elasticsearch.Extensions.Logging.IntegrationTests", "tests-integration\Elasticsearch.Extensions.Logging.IntegrationTests\Elasticsearch.Extensions.Logging.IntegrationTests.csproj", "{0E7008E1-B215-4B9B-BC28-DC9D31415FB9}"
EndProject
Project("{9A19103F-16F7-4668-BE54-9A1E7A4F7556}") = "Elasticsearch.Extensions.Logging.Example", "examples\Elasticsearch.Extensions.Logging.Example\Elasticsearch.Extensions.Logging.Example.csproj", "{F319AD28-A0A4-4012-8480-E2A4CFA755C2}"
EndProject
Project("{9A19103F-16F7-4668-BE54-9A1E7A4F7556}") = "console-with-extensions-logging", "examples\console-with-extensions-logging\console-with-extensions-logging.csproj", "{D87AE73E-8112-444C-8F2F-CFBC4F738026}"
EndProject
Project("{9A19103F-16F7-4668-BE54-9A1E7A4F7556}") = "Elastic.CommonSchema.Generator", "tools\Elastic.CommonSchema.Generator\Elastic.CommonSchema.Generator.csproj", "{D6F0D170-39D7-4868-86EE-990B6B05C14D}"
EndProject
Project("{9A19103F-16F7-4668-BE54-9A1E7A4F7556}") = "Elastic.Ingest.Elasticsearch.CommonSchema", "src\Elastic.Ingest.Elasticsearch.CommonSchema\Elastic.Ingest.Elasticsearch.CommonSchema.csproj", "{68128AE4-350C-4FB2-A971-C9272A1F3829}"
EndProject
Project("{FAE04EC0-301F-11D3-BF4B-00C04F79EFBC}") = "Elastic.CommonSchema.Serilog.Sink", "src\Elastic.CommonSchema.Serilog.Sink\Elastic.CommonSchema.Serilog.Sink.csproj", "{30080079-D3EE-4BDC-9BE9-9D1B3B2BEF8D}"
EndProject
Project("{9A19103F-16F7-4668-BE54-9A1E7A4F7556}") = "Elastic.CommonSchema.Log4net", "src\Elastic.CommonSchema.Log4net\Elastic.CommonSchema.Log4net.csproj", "{DD7D6E56-58DB-4E13-9DFC-AE031F1C31B3}"
EndProject
Project("{9A19103F-16F7-4668-BE54-9A1E7A4F7556}") = "Elastic.CommonSchema.Log4net.Tests", "tests\Elastic.CommonSchema.Log4net.Tests\Elastic.CommonSchema.Log4net.Tests.csproj", "{14BFAF67-8DB6-48D0-B57E-84767BA2A239}"
EndProject
Project("{FAE04EC0-301F-11D3-BF4B-00C04F79EFBC}") = "Elastic.CommonSchema.Serilog.Sinks.IntegrationTests", "tests-integration\Elastic.CommonSchema.Serilog.Sink.IntegrationTests\Elastic.CommonSchema.Serilog.Sinks.IntegrationTests.csproj", "{622CC10E-B475-4649-8411-CABC31E7C252}"
EndProject
Project("{FAE04EC0-301F-11D3-BF4B-00C04F79EFBC}") = "Elastic.Apm.Disabled.Serilog.Tests", "tests\Elastic.Apm.Disabled.Serilog.Tests\Elastic.Apm.Disabled.Serilog.Tests.csproj", "{73829D36-DB98-4D8F-8741-F167A787BF7B}"
EndProject
Project("{FAE04EC0-301F-11D3-BF4B-00C04F79EFBC}") = "Elastic.Ingest.Elasticsearch.CommonSchema.IntegrationTests", "tests-integration\Elastic.Ingest.Elasticsearch.CommonSchema.IntegrationTests\Elastic.Ingest.Elasticsearch.CommonSchema.IntegrationTests.csproj", "{1AF36656-7950-42D1-996D-DF5985298926}"
EndProject
Project("{2150E333-8FDC-42A3-9474-1A3956D46DE8}") = "_solution", "_solution", "{BAF28E09-EAAE-400D-8E0D-6E7C3000997A}"
	ProjectSection(SolutionItems) = preProject
		global.json = global.json
		.editorconfig = .editorconfig
		ecs-dotnet.sln = ecs-dotnet.sln
		dotnet-tools.json = dotnet-tools.json
		ecs-dotnet.sln.DotSettings = ecs-dotnet.sln.DotSettings
		Directory.Build.props = Directory.Build.props
		build.sh = build.sh
		.pre-commit-config.yaml = .pre-commit-config.yaml
		.gitattributes = .gitattributes
		license.txt = license.txt
		build.bat = build.bat
		issue_template.md = issue_template.md
		.gitignore = .gitignore
		README.md = README.md
		contributing.md = contributing.md
		nuget.config = nuget.config
		nuget-icon.png = nuget-icon.png
	EndProjectSection
EndProject
Project("{2150E333-8FDC-42A3-9474-1A3956D46DE8}") = "tests-integration", "tests-integration", "{947B298F-9139-4868-B337-729541932E4D}"
	ProjectSection(SolutionItems) = preProject
		tests-integration\Directory.Build.props = tests-integration\Directory.Build.props
		tests-integration\.runsettings = tests-integration\.runsettings
	EndProjectSection
EndProject
Project("{FAE04EC0-301F-11D3-BF4B-00C04F79EFBC}") = "Elasticsearch.IntegrationDefaults", "tests-integration\Elasticsearch.IntegrationDefaults\Elasticsearch.IntegrationDefaults.csproj", "{AB197BBD-D90D-4ACB-AD09-C59913FA109F}"
EndProject
Project("{2150E333-8FDC-42A3-9474-1A3956D46DE8}") = "tools", "tools", "{B268060B-83ED-4944-B135-C362DFCBFC0C}"
EndProject
Project("{FAE04EC0-301F-11D3-BF4B-00C04F79EFBC}") = "Elastic.CommonSchema.Serilog.Sink.Example", "examples\Elastic.CommonSchema.Serilog.Sink.Example\Elastic.CommonSchema.Serilog.Sink.Example.csproj", "{1CAEFBD7-B800-41C4-81D3-CB6839FA563D}"
EndProject
Project("{FAE04EC0-301F-11D3-BF4B-00C04F79EFBC}") = "docs", "docs\docs.csproj", "{7FDB3B31-020A-40E3-B564-F06476320C40}"
EndProject
Project("{FAE04EC0-301F-11D3-BF4B-00C04F79EFBC}") = "aspnetcore-with-extensions-logging", "examples\aspnetcore-with-extensions-logging\aspnetcore-with-extensions-logging.csproj", "{D866F335-BC19-49A8-AF72-4BA66CC7AFFB}"
EndProject
Global
	GlobalSection(SolutionConfigurationPlatforms) = preSolution
		Debug|Any CPU = Debug|Any CPU
		Release|Any CPU = Release|Any CPU
	EndGlobalSection
	GlobalSection(ProjectConfigurationPlatforms) = postSolution
		{70072EAB-C5DF-4100-B594-B9DC3169D604}.Debug|Any CPU.ActiveCfg = Debug|Any CPU
		{70072EAB-C5DF-4100-B594-B9DC3169D604}.Debug|Any CPU.Build.0 = Debug|Any CPU
		{70072EAB-C5DF-4100-B594-B9DC3169D604}.Release|Any CPU.ActiveCfg = Release|Any CPU
		{70072EAB-C5DF-4100-B594-B9DC3169D604}.Release|Any CPU.Build.0 = Release|Any CPU
		{45BC8315-6AD6-4F3C-B590-7B52D19ED401}.Debug|Any CPU.ActiveCfg = Debug|Any CPU
		{45BC8315-6AD6-4F3C-B590-7B52D19ED401}.Debug|Any CPU.Build.0 = Debug|Any CPU
		{45BC8315-6AD6-4F3C-B590-7B52D19ED401}.Release|Any CPU.ActiveCfg = Release|Any CPU
		{45BC8315-6AD6-4F3C-B590-7B52D19ED401}.Release|Any CPU.Build.0 = Release|Any CPU
		{D7BA6070-909F-402E-A6F4-1CE54A7BE0B7}.Debug|Any CPU.ActiveCfg = Debug|Any CPU
		{D7BA6070-909F-402E-A6F4-1CE54A7BE0B7}.Debug|Any CPU.Build.0 = Debug|Any CPU
		{D7BA6070-909F-402E-A6F4-1CE54A7BE0B7}.Release|Any CPU.ActiveCfg = Release|Any CPU
		{D7BA6070-909F-402E-A6F4-1CE54A7BE0B7}.Release|Any CPU.Build.0 = Release|Any CPU
		{21FD7B39-5FDD-4432-B25E-8425D3EC46A3}.Debug|Any CPU.ActiveCfg = Debug|Any CPU
		{21FD7B39-5FDD-4432-B25E-8425D3EC46A3}.Release|Any CPU.ActiveCfg = Release|Any CPU
		{240A3E16-78BF-4430-A3ED-C7479F12A6DE}.Debug|Any CPU.ActiveCfg = Debug|Any CPU
		{240A3E16-78BF-4430-A3ED-C7479F12A6DE}.Debug|Any CPU.Build.0 = Debug|Any CPU
		{240A3E16-78BF-4430-A3ED-C7479F12A6DE}.Release|Any CPU.ActiveCfg = Release|Any CPU
		{240A3E16-78BF-4430-A3ED-C7479F12A6DE}.Release|Any CPU.Build.0 = Release|Any CPU
		{D8117E06-8856-4D61-A02E-570E9B6C3646}.Debug|Any CPU.ActiveCfg = Debug|Any CPU
		{D8117E06-8856-4D61-A02E-570E9B6C3646}.Debug|Any CPU.Build.0 = Debug|Any CPU
		{D8117E06-8856-4D61-A02E-570E9B6C3646}.Release|Any CPU.ActiveCfg = Release|Any CPU
		{D8117E06-8856-4D61-A02E-570E9B6C3646}.Release|Any CPU.Build.0 = Release|Any CPU
		{4779DD6F-AE49-4A80-9F67-D9F2DB05E557}.Debug|Any CPU.ActiveCfg = Debug|Any CPU
		{4779DD6F-AE49-4A80-9F67-D9F2DB05E557}.Debug|Any CPU.Build.0 = Debug|Any CPU
		{4779DD6F-AE49-4A80-9F67-D9F2DB05E557}.Release|Any CPU.ActiveCfg = Release|Any CPU
		{4779DD6F-AE49-4A80-9F67-D9F2DB05E557}.Release|Any CPU.Build.0 = Release|Any CPU
		{A1DEDE4E-0876-41E8-8DF0-8F85EAF3FAFA}.Debug|Any CPU.ActiveCfg = Debug|Any CPU
		{A1DEDE4E-0876-41E8-8DF0-8F85EAF3FAFA}.Debug|Any CPU.Build.0 = Debug|Any CPU
		{A1DEDE4E-0876-41E8-8DF0-8F85EAF3FAFA}.Release|Any CPU.ActiveCfg = Release|Any CPU
		{A1DEDE4E-0876-41E8-8DF0-8F85EAF3FAFA}.Release|Any CPU.Build.0 = Release|Any CPU
		{4755093F-5A27-4EF4-BC7F-DB8676E9B81A}.Debug|Any CPU.ActiveCfg = Debug|Any CPU
		{4755093F-5A27-4EF4-BC7F-DB8676E9B81A}.Debug|Any CPU.Build.0 = Debug|Any CPU
		{4755093F-5A27-4EF4-BC7F-DB8676E9B81A}.Release|Any CPU.ActiveCfg = Release|Any CPU
		{4755093F-5A27-4EF4-BC7F-DB8676E9B81A}.Release|Any CPU.Build.0 = Release|Any CPU
		{4E0D951B-FEC5-4043-913A-BED795892405}.Debug|Any CPU.ActiveCfg = Debug|Any CPU
		{4E0D951B-FEC5-4043-913A-BED795892405}.Debug|Any CPU.Build.0 = Debug|Any CPU
		{4E0D951B-FEC5-4043-913A-BED795892405}.Release|Any CPU.ActiveCfg = Release|Any CPU
		{4E0D951B-FEC5-4043-913A-BED795892405}.Release|Any CPU.Build.0 = Release|Any CPU
		{EE4EA2DE-411D-400C-9BF6-8F6AFC17697C}.Debug|Any CPU.ActiveCfg = Debug|Any CPU
		{EE4EA2DE-411D-400C-9BF6-8F6AFC17697C}.Debug|Any CPU.Build.0 = Debug|Any CPU
		{EE4EA2DE-411D-400C-9BF6-8F6AFC17697C}.Release|Any CPU.ActiveCfg = Release|Any CPU
		{EE4EA2DE-411D-400C-9BF6-8F6AFC17697C}.Release|Any CPU.Build.0 = Release|Any CPU
		{6BE3084A-D84D-4782-9915-6E41575712C7}.Debug|Any CPU.ActiveCfg = Debug|Any CPU
		{6BE3084A-D84D-4782-9915-6E41575712C7}.Debug|Any CPU.Build.0 = Debug|Any CPU
		{6BE3084A-D84D-4782-9915-6E41575712C7}.Release|Any CPU.ActiveCfg = Release|Any CPU
		{6BE3084A-D84D-4782-9915-6E41575712C7}.Release|Any CPU.Build.0 = Release|Any CPU
		{4138E98A-4714-4139-BD89-D9FF4F2A3A73}.Debug|Any CPU.ActiveCfg = Debug|Any CPU
		{4138E98A-4714-4139-BD89-D9FF4F2A3A73}.Debug|Any CPU.Build.0 = Debug|Any CPU
		{4138E98A-4714-4139-BD89-D9FF4F2A3A73}.Release|Any CPU.ActiveCfg = Release|Any CPU
		{4138E98A-4714-4139-BD89-D9FF4F2A3A73}.Release|Any CPU.Build.0 = Release|Any CPU
		{0881CC2E-BFBB-40DB-BA5B-B3D23A985F73}.Debug|Any CPU.ActiveCfg = Debug|Any CPU
		{0881CC2E-BFBB-40DB-BA5B-B3D23A985F73}.Debug|Any CPU.Build.0 = Debug|Any CPU
		{0881CC2E-BFBB-40DB-BA5B-B3D23A985F73}.Release|Any CPU.ActiveCfg = Release|Any CPU
		{0881CC2E-BFBB-40DB-BA5B-B3D23A985F73}.Release|Any CPU.Build.0 = Release|Any CPU
		{89ADA999-1A1D-4B51-8CEE-39A553F669D1}.Debug|Any CPU.ActiveCfg = Debug|Any CPU
		{89ADA999-1A1D-4B51-8CEE-39A553F669D1}.Debug|Any CPU.Build.0 = Debug|Any CPU
		{89ADA999-1A1D-4B51-8CEE-39A553F669D1}.Release|Any CPU.ActiveCfg = Release|Any CPU
		{89ADA999-1A1D-4B51-8CEE-39A553F669D1}.Release|Any CPU.Build.0 = Release|Any CPU
		{03FD4BFA-F9A5-4C16-ACA1-30FD060DFAEA}.Debug|Any CPU.ActiveCfg = Debug|Any CPU
		{03FD4BFA-F9A5-4C16-ACA1-30FD060DFAEA}.Debug|Any CPU.Build.0 = Debug|Any CPU
		{03FD4BFA-F9A5-4C16-ACA1-30FD060DFAEA}.Release|Any CPU.ActiveCfg = Release|Any CPU
		{03FD4BFA-F9A5-4C16-ACA1-30FD060DFAEA}.Release|Any CPU.Build.0 = Release|Any CPU
		{EC19A9E1-79CC-46A8-94D7-EE66ED22D3BD}.Debug|Any CPU.ActiveCfg = Debug|Any CPU
		{EC19A9E1-79CC-46A8-94D7-EE66ED22D3BD}.Debug|Any CPU.Build.0 = Debug|Any CPU
		{EC19A9E1-79CC-46A8-94D7-EE66ED22D3BD}.Release|Any CPU.ActiveCfg = Release|Any CPU
		{EC19A9E1-79CC-46A8-94D7-EE66ED22D3BD}.Release|Any CPU.Build.0 = Release|Any CPU
		{D88AAA7D-1AEE-4B4C-BE37-69BA85DA07DA}.Debug|Any CPU.ActiveCfg = Debug|Any CPU
		{D88AAA7D-1AEE-4B4C-BE37-69BA85DA07DA}.Debug|Any CPU.Build.0 = Debug|Any CPU
		{D88AAA7D-1AEE-4B4C-BE37-69BA85DA07DA}.Release|Any CPU.ActiveCfg = Release|Any CPU
		{D88AAA7D-1AEE-4B4C-BE37-69BA85DA07DA}.Release|Any CPU.Build.0 = Release|Any CPU
		{0E7008E1-B215-4B9B-BC28-DC9D31415FB9}.Debug|Any CPU.ActiveCfg = Debug|Any CPU
		{0E7008E1-B215-4B9B-BC28-DC9D31415FB9}.Debug|Any CPU.Build.0 = Debug|Any CPU
		{0E7008E1-B215-4B9B-BC28-DC9D31415FB9}.Release|Any CPU.ActiveCfg = Release|Any CPU
		{0E7008E1-B215-4B9B-BC28-DC9D31415FB9}.Release|Any CPU.Build.0 = Release|Any CPU
		{F319AD28-A0A4-4012-8480-E2A4CFA755C2}.Debug|Any CPU.ActiveCfg = Debug|Any CPU
		{F319AD28-A0A4-4012-8480-E2A4CFA755C2}.Debug|Any CPU.Build.0 = Debug|Any CPU
		{F319AD28-A0A4-4012-8480-E2A4CFA755C2}.Release|Any CPU.ActiveCfg = Release|Any CPU
		{F319AD28-A0A4-4012-8480-E2A4CFA755C2}.Release|Any CPU.Build.0 = Release|Any CPU
		{D87AE73E-8112-444C-8F2F-CFBC4F738026}.Debug|Any CPU.ActiveCfg = Debug|Any CPU
		{D87AE73E-8112-444C-8F2F-CFBC4F738026}.Debug|Any CPU.Build.0 = Debug|Any CPU
		{D87AE73E-8112-444C-8F2F-CFBC4F738026}.Release|Any CPU.ActiveCfg = Release|Any CPU
		{D87AE73E-8112-444C-8F2F-CFBC4F738026}.Release|Any CPU.Build.0 = Release|Any CPU
		{D6F0D170-39D7-4868-86EE-990B6B05C14D}.Debug|Any CPU.ActiveCfg = Debug|Any CPU
		{D6F0D170-39D7-4868-86EE-990B6B05C14D}.Debug|Any CPU.Build.0 = Debug|Any CPU
		{D6F0D170-39D7-4868-86EE-990B6B05C14D}.Release|Any CPU.ActiveCfg = Release|Any CPU
		{D6F0D170-39D7-4868-86EE-990B6B05C14D}.Release|Any CPU.Build.0 = Release|Any CPU
		{68128AE4-350C-4FB2-A971-C9272A1F3829}.Debug|Any CPU.ActiveCfg = Debug|Any CPU
		{68128AE4-350C-4FB2-A971-C9272A1F3829}.Debug|Any CPU.Build.0 = Debug|Any CPU
		{68128AE4-350C-4FB2-A971-C9272A1F3829}.Release|Any CPU.ActiveCfg = Release|Any CPU
		{68128AE4-350C-4FB2-A971-C9272A1F3829}.Release|Any CPU.Build.0 = Release|Any CPU
		{30080079-D3EE-4BDC-9BE9-9D1B3B2BEF8D}.Debug|Any CPU.ActiveCfg = Debug|Any CPU
		{30080079-D3EE-4BDC-9BE9-9D1B3B2BEF8D}.Debug|Any CPU.Build.0 = Debug|Any CPU
		{30080079-D3EE-4BDC-9BE9-9D1B3B2BEF8D}.Release|Any CPU.ActiveCfg = Release|Any CPU
		{30080079-D3EE-4BDC-9BE9-9D1B3B2BEF8D}.Release|Any CPU.Build.0 = Release|Any CPU
		{622CC10E-B475-4649-8411-CABC31E7C252}.Debug|Any CPU.ActiveCfg = Debug|Any CPU
		{622CC10E-B475-4649-8411-CABC31E7C252}.Debug|Any CPU.Build.0 = Debug|Any CPU
		{622CC10E-B475-4649-8411-CABC31E7C252}.Release|Any CPU.ActiveCfg = Release|Any CPU
		{622CC10E-B475-4649-8411-CABC31E7C252}.Release|Any CPU.Build.0 = Release|Any CPU
		{DD7D6E56-58DB-4E13-9DFC-AE031F1C31B3}.Debug|Any CPU.ActiveCfg = Debug|Any CPU
		{DD7D6E56-58DB-4E13-9DFC-AE031F1C31B3}.Debug|Any CPU.Build.0 = Debug|Any CPU
		{DD7D6E56-58DB-4E13-9DFC-AE031F1C31B3}.Release|Any CPU.ActiveCfg = Release|Any CPU
		{DD7D6E56-58DB-4E13-9DFC-AE031F1C31B3}.Release|Any CPU.Build.0 = Release|Any CPU
		{14BFAF67-8DB6-48D0-B57E-84767BA2A239}.Debug|Any CPU.ActiveCfg = Debug|Any CPU
		{14BFAF67-8DB6-48D0-B57E-84767BA2A239}.Debug|Any CPU.Build.0 = Debug|Any CPU
		{14BFAF67-8DB6-48D0-B57E-84767BA2A239}.Release|Any CPU.ActiveCfg = Release|Any CPU
		{14BFAF67-8DB6-48D0-B57E-84767BA2A239}.Release|Any CPU.Build.0 = Release|Any CPU
		{73829D36-DB98-4D8F-8741-F167A787BF7B}.Debug|Any CPU.ActiveCfg = Debug|Any CPU
		{73829D36-DB98-4D8F-8741-F167A787BF7B}.Debug|Any CPU.Build.0 = Debug|Any CPU
		{73829D36-DB98-4D8F-8741-F167A787BF7B}.Release|Any CPU.ActiveCfg = Release|Any CPU
		{73829D36-DB98-4D8F-8741-F167A787BF7B}.Release|Any CPU.Build.0 = Release|Any CPU
		{1AF36656-7950-42D1-996D-DF5985298926}.Debug|Any CPU.ActiveCfg = Debug|Any CPU
		{1AF36656-7950-42D1-996D-DF5985298926}.Debug|Any CPU.Build.0 = Debug|Any CPU
		{1AF36656-7950-42D1-996D-DF5985298926}.Release|Any CPU.ActiveCfg = Release|Any CPU
		{1AF36656-7950-42D1-996D-DF5985298926}.Release|Any CPU.Build.0 = Release|Any CPU
		{AB197BBD-D90D-4ACB-AD09-C59913FA109F}.Debug|Any CPU.ActiveCfg = Debug|Any CPU
		{AB197BBD-D90D-4ACB-AD09-C59913FA109F}.Debug|Any CPU.Build.0 = Debug|Any CPU
		{AB197BBD-D90D-4ACB-AD09-C59913FA109F}.Release|Any CPU.ActiveCfg = Release|Any CPU
		{AB197BBD-D90D-4ACB-AD09-C59913FA109F}.Release|Any CPU.Build.0 = Release|Any CPU
		{1CAEFBD7-B800-41C4-81D3-CB6839FA563D}.Debug|Any CPU.ActiveCfg = Debug|Any CPU
		{1CAEFBD7-B800-41C4-81D3-CB6839FA563D}.Debug|Any CPU.Build.0 = Debug|Any CPU
		{1CAEFBD7-B800-41C4-81D3-CB6839FA563D}.Release|Any CPU.ActiveCfg = Release|Any CPU
		{1CAEFBD7-B800-41C4-81D3-CB6839FA563D}.Release|Any CPU.Build.0 = Release|Any CPU
		{7FDB3B31-020A-40E3-B564-F06476320C40}.Debug|Any CPU.ActiveCfg = Debug|Any CPU
		{7FDB3B31-020A-40E3-B564-F06476320C40}.Release|Any CPU.ActiveCfg = Release|Any CPU
		{D866F335-BC19-49A8-AF72-4BA66CC7AFFB}.Debug|Any CPU.ActiveCfg = Debug|Any CPU
		{D866F335-BC19-49A8-AF72-4BA66CC7AFFB}.Debug|Any CPU.Build.0 = Debug|Any CPU
		{D866F335-BC19-49A8-AF72-4BA66CC7AFFB}.Release|Any CPU.ActiveCfg = Release|Any CPU
		{D866F335-BC19-49A8-AF72-4BA66CC7AFFB}.Release|Any CPU.Build.0 = Release|Any CPU
	EndGlobalSection
	GlobalSection(SolutionProperties) = preSolution
		HideSolutionNode = FALSE
	EndGlobalSection
	GlobalSection(NestedProjects) = preSolution
		{70072EAB-C5DF-4100-B594-B9DC3169D604} = {7610B796-BB3E-4CB2-8296-79BBFF6D23FC}
		{45BC8315-6AD6-4F3C-B590-7B52D19ED401} = {7610B796-BB3E-4CB2-8296-79BBFF6D23FC}
		{D7BA6070-909F-402E-A6F4-1CE54A7BE0B7} = {3582B07D-C2B0-49CC-B676-EAF806EB010E}
		{21FD7B39-5FDD-4432-B25E-8425D3EC46A3} = {7610B796-BB3E-4CB2-8296-79BBFF6D23FC}
		{240A3E16-78BF-4430-A3ED-C7479F12A6DE} = {7610B796-BB3E-4CB2-8296-79BBFF6D23FC}
		{D8117E06-8856-4D61-A02E-570E9B6C3646} = {3582B07D-C2B0-49CC-B676-EAF806EB010E}
		{4779DD6F-AE49-4A80-9F67-D9F2DB05E557} = {441B3323-3651-4B6E-95B3-7CD43E5E223A}
		{A1DEDE4E-0876-41E8-8DF0-8F85EAF3FAFA} = {7610B796-BB3E-4CB2-8296-79BBFF6D23FC}
		{4755093F-5A27-4EF4-BC7F-DB8676E9B81A} = {3582B07D-C2B0-49CC-B676-EAF806EB010E}
		{4E0D951B-FEC5-4043-913A-BED795892405} = {3582B07D-C2B0-49CC-B676-EAF806EB010E}
		{EE4EA2DE-411D-400C-9BF6-8F6AFC17697C} = {3582B07D-C2B0-49CC-B676-EAF806EB010E}
		{6BE3084A-D84D-4782-9915-6E41575712C7} = {7610B796-BB3E-4CB2-8296-79BBFF6D23FC}
		{0881CC2E-BFBB-40DB-BA5B-B3D23A985F73} = {7610B796-BB3E-4CB2-8296-79BBFF6D23FC}
		{89ADA999-1A1D-4B51-8CEE-39A553F669D1} = {3582B07D-C2B0-49CC-B676-EAF806EB010E}
		{03FD4BFA-F9A5-4C16-ACA1-30FD060DFAEA} = {9F103D76-F7FA-4D10-8214-6E79C28D5AEC}
		{9F103D76-F7FA-4D10-8214-6E79C28D5AEC} = {05075402-8669-45BD-913A-BD40A29BBEAB}
		{D88AAA7D-1AEE-4B4C-BE37-69BA85DA07DA} = {7610B796-BB3E-4CB2-8296-79BBFF6D23FC}
		{F319AD28-A0A4-4012-8480-E2A4CFA755C2} = {05075402-8669-45BD-913A-BD40A29BBEAB}
		{D87AE73E-8112-444C-8F2F-CFBC4F738026} = {05075402-8669-45BD-913A-BD40A29BBEAB}
		{80D7CE12-D0C9-44E2-9BF9-5762D52ADA05} = {441B3323-3651-4B6E-95B3-7CD43E5E223A}
		{68128AE4-350C-4FB2-A971-C9272A1F3829} = {7610B796-BB3E-4CB2-8296-79BBFF6D23FC}
		{30080079-D3EE-4BDC-9BE9-9D1B3B2BEF8D} = {7610B796-BB3E-4CB2-8296-79BBFF6D23FC}
		{DD7D6E56-58DB-4E13-9DFC-AE031F1C31B3} = {7610B796-BB3E-4CB2-8296-79BBFF6D23FC}
		{14BFAF67-8DB6-48D0-B57E-84767BA2A239} = {3582B07D-C2B0-49CC-B676-EAF806EB010E}
		{73829D36-DB98-4D8F-8741-F167A787BF7B} = {3582B07D-C2B0-49CC-B676-EAF806EB010E}
		{0E7008E1-B215-4B9B-BC28-DC9D31415FB9} = {947B298F-9139-4868-B337-729541932E4D}
		{1AF36656-7950-42D1-996D-DF5985298926} = {947B298F-9139-4868-B337-729541932E4D}
		{622CC10E-B475-4649-8411-CABC31E7C252} = {947B298F-9139-4868-B337-729541932E4D}
		{4138E98A-4714-4139-BD89-D9FF4F2A3A73} = {947B298F-9139-4868-B337-729541932E4D}
		{AB197BBD-D90D-4ACB-AD09-C59913FA109F} = {947B298F-9139-4868-B337-729541932E4D}
		{D6F0D170-39D7-4868-86EE-990B6B05C14D} = {B268060B-83ED-4944-B135-C362DFCBFC0C}
		{EC19A9E1-79CC-46A8-94D7-EE66ED22D3BD} = {B268060B-83ED-4944-B135-C362DFCBFC0C}
		{1CAEFBD7-B800-41C4-81D3-CB6839FA563D} = {05075402-8669-45BD-913A-BD40A29BBEAB}
		{D866F335-BC19-49A8-AF72-4BA66CC7AFFB} = {05075402-8669-45BD-913A-BD40A29BBEAB}
	EndGlobalSection
	GlobalSection(ExtensibilityGlobals) = postSolution
		SolutionGuid = {7F60C4BB-6216-4E50-B1E4-9C38EB484843}
	EndGlobalSection
EndGlobal
