
Microsoft Visual Studio Solution File, Format Version 12.00
# Visual Studio 15
VisualStudioVersion = 15.0.27130.2003
MinimumVisualStudioVersion = 10.0.40219.1
Project("{2150E333-8FDC-42A3-9474-1A3956D46DE8}") = "RelatedFiles", "RelatedFiles", "{432D5575-2347-4D3C-BF8C-3E38410C46CA}"
	ProjectSection(SolutionItems) = preProject
		..\src\PublishArtifacts.build.props = ..\src\PublishArtifacts.build.props
		..\src\Artifacts.build.props = ..\src\Artifacts.build.props
		..\src\Library.build.props = ..\src\Library.build.props
		..\global.json = ..\global.json
		..\.editorconfig = ..\.editorconfig
		..\.gitattributes = ..\.gitattributes
		..\.gitignore = ..\.gitignore
		..\README.md = ..\README.md
		..\license.txt = ..\license.txt
	EndProjectSection
EndProject
Project("{FAE04EC0-301F-11D3-BF4B-00C04F79EFBC}") = "Generator", "Generator\Generator.csproj", "{18C57984-EDB9-41F7-9745-BDE1E7BAF449}"
EndProject
Project("{FAE04EC0-301F-11D3-BF4B-00C04F79EFBC}") = "Elastic.CommonSchema", "Elastic.CommonSchema\Elastic.CommonSchema.csproj", "{70072EAB-C5DF-4100-B594-B9DC3169D604}"
EndProject
Project("{FAE04EC0-301F-11D3-BF4B-00C04F79EFBC}") = "Elastic.CommonSchemaNEST", "Elastic.CommonSchemaNEST\Elastic.CommonSchemaNEST.csproj", "{2A8F9106-B4FD-4721-B29D-24B93F72F101}"
EndProject
Project("{FAE04EC0-301F-11D3-BF4B-00C04F79EFBC}") = "Elastic.CommonSchema.Serilog", "Elastic.CommonSchema.Serilog\Elastic.CommonSchema.Serilog.csproj", "{45BC8315-6AD6-4F3C-B590-7B52D19ED401}"
EndProject
Project("{FAE04EC0-301F-11D3-BF4B-00C04F79EFBC}") = "Elastic.CommonSchema.Serilog.Tests", "..\tests\Elastic.CommonSchema.Serilog.Tests\Elastic.CommonSchema.Serilog.Tests\Elastic.CommonSchema.Serilog.Tests.csproj", "{D7BA6070-909F-402E-A6F4-1CE54A7BE0B7}"
EndProject
Project("{FAE04EC0-301F-11D3-BF4B-00C04F79EFBC}") = "Specification", "Specification\Specification.csproj", "{21FD7B39-5FDD-4432-B25E-8425D3EC46A3}"
EndProject
Project("{FAE04EC0-301F-11D3-BF4B-00C04F79EFBC}") = "Elastic.Apm.SerilogEnricher", "Elastic.Apm.SerilogEnricher\Elastic.Apm.SerilogEnricher.csproj", "{240A3E16-78BF-4430-A3ED-C7479F12A6DE}"
EndProject
Project("{FAE04EC0-301F-11D3-BF4B-00C04F79EFBC}") = "Elastic.Apm.SerilogEnricher.Test", "..\tests\Elastic.Apm.SerilogEnricher.Test\Elastic.Apm.SerilogEnricher.Test.csproj", "{D8117E06-8856-4D61-A02E-570E9B6C3646}"
EndProject
Project("{F2A71F9B-5D33-465A-A702-920D77279786}") = "scripts", "..\build\scripts\scripts.fsproj", "{4779DD6F-AE49-4A80-9F67-D9F2DB05E557}"
EndProject
Project("{2150E333-8FDC-42A3-9474-1A3956D46DE8}") = "Build", "Build", "{2A5FBCFE-1BDB-47DC-B577-387F950F5AFB}"
ProjectSection(SolutionItems) = preProject
	Library.build.props = Library.build.props
	PublishArtifacts.build.props = PublishArtifacts.build.props
EndProjectSection
EndProject
Project("{FAE04EC0-301F-11D3-BF4B-00C04F79EFBC}") = "Elastic.Apm.NLog", "Elastic.Apm.NLog\Elastic.Apm.NLog.csproj", "{A1DEDE4E-0876-41E8-8DF0-8F85EAF3FAFA}"
EndProject
Project("{FAE04EC0-301F-11D3-BF4B-00C04F79EFBC}") = "Elastic.Apm.NLog.Test", "..\tests\Elastic.Apm.NLog.Test\Elastic.Apm.NLog.Test.csproj", "{4755093F-5A27-4EF4-BC7F-DB8676E9B81A}"
EndProject
Project("{FAE04EC0-301F-11D3-BF4B-00C04F79EFBC}") = "Elastic.Apm.Test.Common", "..\tests\Elastic.Apm.Test.Common\Elastic.Apm.Test.Common.csproj", "{4E0D951B-FEC5-4043-913A-BED795892405}"
EndProject
Global
	GlobalSection(SolutionConfigurationPlatforms) = preSolution
		Debug|Any CPU = Debug|Any CPU
		Release|Any CPU = Release|Any CPU
	EndGlobalSection
	GlobalSection(ProjectConfigurationPlatforms) = postSolution
		{18C57984-EDB9-41F7-9745-BDE1E7BAF449}.Debug|Any CPU.ActiveCfg = Debug|Any CPU
		{18C57984-EDB9-41F7-9745-BDE1E7BAF449}.Debug|Any CPU.Build.0 = Debug|Any CPU
		{18C57984-EDB9-41F7-9745-BDE1E7BAF449}.Release|Any CPU.ActiveCfg = Release|Any CPU
		{18C57984-EDB9-41F7-9745-BDE1E7BAF449}.Release|Any CPU.Build.0 = Release|Any CPU
		{70072EAB-C5DF-4100-B594-B9DC3169D604}.Debug|Any CPU.ActiveCfg = Debug|Any CPU
		{70072EAB-C5DF-4100-B594-B9DC3169D604}.Debug|Any CPU.Build.0 = Debug|Any CPU
		{70072EAB-C5DF-4100-B594-B9DC3169D604}.Release|Any CPU.ActiveCfg = Release|Any CPU
		{70072EAB-C5DF-4100-B594-B9DC3169D604}.Release|Any CPU.Build.0 = Release|Any CPU
		{2A8F9106-B4FD-4721-B29D-24B93F72F101}.Debug|Any CPU.ActiveCfg = Debug|Any CPU
		{2A8F9106-B4FD-4721-B29D-24B93F72F101}.Debug|Any CPU.Build.0 = Debug|Any CPU
		{2A8F9106-B4FD-4721-B29D-24B93F72F101}.Release|Any CPU.ActiveCfg = Release|Any CPU
		{2A8F9106-B4FD-4721-B29D-24B93F72F101}.Release|Any CPU.Build.0 = Release|Any CPU
		{45BC8315-6AD6-4F3C-B590-7B52D19ED401}.Debug|Any CPU.ActiveCfg = Debug|Any CPU
		{45BC8315-6AD6-4F3C-B590-7B52D19ED401}.Debug|Any CPU.Build.0 = Debug|Any CPU
		{45BC8315-6AD6-4F3C-B590-7B52D19ED401}.Release|Any CPU.ActiveCfg = Release|Any CPU
		{45BC8315-6AD6-4F3C-B590-7B52D19ED401}.Release|Any CPU.Build.0 = Release|Any CPU
		{D7BA6070-909F-402E-A6F4-1CE54A7BE0B7}.Debug|Any CPU.ActiveCfg = Debug|Any CPU
		{D7BA6070-909F-402E-A6F4-1CE54A7BE0B7}.Debug|Any CPU.Build.0 = Debug|Any CPU
		{D7BA6070-909F-402E-A6F4-1CE54A7BE0B7}.Release|Any CPU.ActiveCfg = Release|Any CPU
		{D7BA6070-909F-402E-A6F4-1CE54A7BE0B7}.Release|Any CPU.Build.0 = Release|Any CPU
		{21FD7B39-5FDD-4432-B25E-8425D3EC46A3}.Debug|Any CPU.ActiveCfg = Debug|Any CPU
		{21FD7B39-5FDD-4432-B25E-8425D3EC46A3}.Release|Any CPU.ActiveCfg = Release|Any CPU
		{240A3E16-78BF-4430-A3ED-C7479F12A6DE}.Debug|Any CPU.ActiveCfg = Debug|Any CPU
		{240A3E16-78BF-4430-A3ED-C7479F12A6DE}.Debug|Any CPU.Build.0 = Debug|Any CPU
		{240A3E16-78BF-4430-A3ED-C7479F12A6DE}.Release|Any CPU.ActiveCfg = Release|Any CPU
		{240A3E16-78BF-4430-A3ED-C7479F12A6DE}.Release|Any CPU.Build.0 = Release|Any CPU
		{D8117E06-8856-4D61-A02E-570E9B6C3646}.Debug|Any CPU.ActiveCfg = Debug|Any CPU
		{D8117E06-8856-4D61-A02E-570E9B6C3646}.Debug|Any CPU.Build.0 = Debug|Any CPU
		{D8117E06-8856-4D61-A02E-570E9B6C3646}.Release|Any CPU.ActiveCfg = Release|Any CPU
		{D8117E06-8856-4D61-A02E-570E9B6C3646}.Release|Any CPU.Build.0 = Release|Any CPU
		{4779DD6F-AE49-4A80-9F67-D9F2DB05E557}.Debug|Any CPU.ActiveCfg = Debug|Any CPU
		{4779DD6F-AE49-4A80-9F67-D9F2DB05E557}.Debug|Any CPU.Build.0 = Debug|Any CPU
		{4779DD6F-AE49-4A80-9F67-D9F2DB05E557}.Release|Any CPU.ActiveCfg = Release|Any CPU
		{4779DD6F-AE49-4A80-9F67-D9F2DB05E557}.Release|Any CPU.Build.0 = Release|Any CPU
		{A1DEDE4E-0876-41E8-8DF0-8F85EAF3FAFA}.Debug|Any CPU.ActiveCfg = Debug|Any CPU
		{A1DEDE4E-0876-41E8-8DF0-8F85EAF3FAFA}.Debug|Any CPU.Build.0 = Debug|Any CPU
		{A1DEDE4E-0876-41E8-8DF0-8F85EAF3FAFA}.Release|Any CPU.ActiveCfg = Release|Any CPU
		{A1DEDE4E-0876-41E8-8DF0-8F85EAF3FAFA}.Release|Any CPU.Build.0 = Release|Any CPU
		{4755093F-5A27-4EF4-BC7F-DB8676E9B81A}.Debug|Any CPU.ActiveCfg = Debug|Any CPU
		{4755093F-5A27-4EF4-BC7F-DB8676E9B81A}.Debug|Any CPU.Build.0 = Debug|Any CPU
		{4755093F-5A27-4EF4-BC7F-DB8676E9B81A}.Release|Any CPU.ActiveCfg = Release|Any CPU
		{4755093F-5A27-4EF4-BC7F-DB8676E9B81A}.Release|Any CPU.Build.0 = Release|Any CPU
		{4E0D951B-FEC5-4043-913A-BED795892405}.Debug|Any CPU.ActiveCfg = Debug|Any CPU
		{4E0D951B-FEC5-4043-913A-BED795892405}.Debug|Any CPU.Build.0 = Debug|Any CPU
		{4E0D951B-FEC5-4043-913A-BED795892405}.Release|Any CPU.ActiveCfg = Release|Any CPU
		{4E0D951B-FEC5-4043-913A-BED795892405}.Release|Any CPU.Build.0 = Release|Any CPU
	EndGlobalSection
	GlobalSection(NestedProjects) = preSolution
		{21FD7B39-5FDD-4432-B25E-8425D3EC46A3} = {432D5575-2347-4D3C-BF8C-3E38410C46CA}
		{2A5FBCFE-1BDB-47DC-B577-387F950F5AFB} = {432D5575-2347-4D3C-BF8C-3E38410C46CA}
		{4779DD6F-AE49-4A80-9F67-D9F2DB05E557} = {2A5FBCFE-1BDB-47DC-B577-387F950F5AFB}
	EndGlobalSection
EndGlobal
